
Microsoft Visual Studio Solution File, Format Version 12.00
# Visual Studio 15
Project("{FAE04EC0-301F-11D3-BF4B-00C04F79EFBC}") = "JokerWebApi", "JokerWebApi\JokerWebApi.csproj", "{C60BC39F-B322-491F-B6FB-3B8F04ED5498}"
EndProject
Project("{FAE04EC0-301F-11D3-BF4B-00C04F79EFBC}") = "JokerWebApiTests", "JokerWebApiTests\JokerWebApiTests.csproj", "{4950D5ED-BFDA-4135-A7C8-A28D86ACCB2D}"
EndProject
Project("{FAE04EC0-301F-11D3-BF4B-00C04F79EFBC}") = "JokerApp", "JokerApp\JokerApp.csproj", "{C45907B3-DD3F-4D3B-9211-BC94A41857F1}"
EndProject
Global
	GlobalSection(SolutionConfigurationPlatforms) = preSolution
		Debug|Any CPU = Debug|Any CPU
		Release|Any CPU = Release|Any CPU
	EndGlobalSection
	GlobalSection(ProjectConfigurationPlatforms) = postSolution
		{C60BC39F-B322-491F-B6FB-3B8F04ED5498}.Debug|Any CPU.ActiveCfg = Debug|Any CPU
		{C60BC39F-B322-491F-B6FB-3B8F04ED5498}.Debug|Any CPU.Build.0 = Debug|Any CPU
		{C60BC39F-B322-491F-B6FB-3B8F04ED5498}.Release|Any CPU.ActiveCfg = Release|Any CPU
		{C60BC39F-B322-491F-B6FB-3B8F04ED5498}.Release|Any CPU.Build.0 = Release|Any CPU
		{4950D5ED-BFDA-4135-A7C8-A28D86ACCB2D}.Debug|Any CPU.ActiveCfg = Debug|Any CPU
		{4950D5ED-BFDA-4135-A7C8-A28D86ACCB2D}.Debug|Any CPU.Build.0 = Debug|Any CPU
		{4950D5ED-BFDA-4135-A7C8-A28D86ACCB2D}.Release|Any CPU.ActiveCfg = Release|Any CPU
		{4950D5ED-BFDA-4135-A7C8-A28D86ACCB2D}.Release|Any CPU.Build.0 = Release|Any CPU
		{C45907B3-DD3F-4D3B-9211-BC94A41857F1}.Debug|Any CPU.ActiveCfg = Debug|Any CPU
		{C45907B3-DD3F-4D3B-9211-BC94A41857F1}.Debug|Any CPU.Build.0 = Debug|Any CPU
		{C45907B3-DD3F-4D3B-9211-BC94A41857F1}.Release|Any CPU.ActiveCfg = Release|Any CPU
		{C45907B3-DD3F-4D3B-9211-BC94A41857F1}.Release|Any CPU.Build.0 = Release|Any CPU
	EndGlobalSection
EndGlobal
